# This file is automatically @generated by Cargo.
# It is not intended for manual editing.
version = 3

[[package]]
name = "indoc"
version = "2.0.0"
source = "registry+https://github.com/rust-lang/crates.io-index"
checksum = "6fe2b9d82064e8a0226fddb3547f37f28eaa46d0fc210e275d835f08cf3b76a7"

[[package]]
name = "input_downloader"
version = "0.1.0"

[[package]]
name = "temp_name"
version = "0.1.0"
dependencies = [
 "indoc",
 "input_downloader",
]
